
Microsoft Visual Studio Solution File, Format Version 12.00
# Visual Studio Version 16
VisualStudioVersion = 16.0.29503.13
MinimumVisualStudioVersion = 10.0.40219.1
Project("{9A19103F-16F7-4668-BE54-9A1E7A4F7556}") = "DesignPatternsInCSharp.Console", "DesignPatternsInCSharp\DesignPatternsInCSharp.Console.csproj", "{AE252832-B9DA-47CC-A156-E347765BF8C6}"
EndProject
Project("{9A19103F-16F7-4668-BE54-9A1E7A4F7556}") = "Singleton", "Singleton\Singleton.csproj", "{79581335-9D5F-438B-8277-21D1AF579EF7}"
EndProject
Project("{9A19103F-16F7-4668-BE54-9A1E7A4F7556}") = "Factory", "Factory\Factory.csproj", "{3B752593-6754-4B79-9196-6663701344D1}"
EndProject
Project("{9A19103F-16F7-4668-BE54-9A1E7A4F7556}") = "Memento", "Memento\Memento.csproj", "{D3762700-CFC0-487D-9CFF-9CDDFE995D71}"
EndProject
Project("{9A19103F-16F7-4668-BE54-9A1E7A4F7556}") = "Builder", "Builder\Builder.csproj", "{657ABF64-9F1B-4DD9-AA97-5D1D1476A7A5}"
EndProject
Project("{9A19103F-16F7-4668-BE54-9A1E7A4F7556}") = "Prototype", "Prototype\Prototype.csproj", "{6D63352B-974D-4F22-BF6B-946357AC2BA5}"
EndProject
Project("{9A19103F-16F7-4668-BE54-9A1E7A4F7556}") = "Adapter", "Adapter\Adapter.csproj", "{16041833-B62E-412E-9688-AEC2FD6C196D}"
EndProject
Project("{9A19103F-16F7-4668-BE54-9A1E7A4F7556}") = "Bridge", "Bridge\Bridge.csproj", "{B3622B01-D709-4F8A-9203-7CFE78F2E012}"
EndProject
Project("{9A19103F-16F7-4668-BE54-9A1E7A4F7556}") = "Composite", "Composite\Composite.csproj", "{C567DF7C-7688-449A-9F3A-AD723EAAA51D}"
EndProject
Project("{9A19103F-16F7-4668-BE54-9A1E7A4F7556}") = "Decorator", "Decorator\Decorator.csproj", "{F703C7F9-5EE8-48B8-8FB4-820AD6504FCB}"
EndProject
Project("{9A19103F-16F7-4668-BE54-9A1E7A4F7556}") = "Facade", "Facade\Facade.csproj", "{7A5AE586-0D3D-42FC-9C86-C007EDDDB1AB}"
EndProject
Project("{9A19103F-16F7-4668-BE54-9A1E7A4F7556}") = "Proxy", "Proxy\Proxy.csproj", "{A474C58C-4159-4A29-AB1D-A28CFAE55851}"
EndProject
Project("{9A19103F-16F7-4668-BE54-9A1E7A4F7556}") = "ChainOfResponsibility", "ChainOfResponsibility\ChainOfResponsibility.csproj", "{CB94C206-4A22-4EE5-9B63-4F6E2FC2FB64}"
EndProject
Project("{9A19103F-16F7-4668-BE54-9A1E7A4F7556}") = "Command", "Command\Command.csproj", "{46DA1142-CA42-4B44-8D26-3DA3459BB70B}"
EndProject
Project("{9A19103F-16F7-4668-BE54-9A1E7A4F7556}") = "Iterator", "Iterator\Iterator.csproj", "{F20185DE-B5EC-43B0-AF73-04407C3AFE24}"
EndProject
Project("{9A19103F-16F7-4668-BE54-9A1E7A4F7556}") = "Mediator", "Mediator\Mediator.csproj", "{B28DDCB8-60A1-4412-B6DA-F07B009F46F5}"
EndProject
Project("{9A19103F-16F7-4668-BE54-9A1E7A4F7556}") = "Observer", "Observer\Observer.csproj", "{910C1AE6-D276-418F-86D6-5585966EE705}"
EndProject
Project("{9A19103F-16F7-4668-BE54-9A1E7A4F7556}") = "State", "State\State.csproj", "{6E92EFED-2CF9-4D88-AF72-F2A183B2250B}"
EndProject
Project("{2150E333-8FDC-42A3-9474-1A3956D46DE8}") = "DesignPatterns", "DesignPatterns", "{7985B07A-22D7-4F3D-A313-23A0F91336A0}"
EndProject
Project("{9A19103F-16F7-4668-BE54-9A1E7A4F7556}") = "Strategy", "Strategy\Strategy.csproj", "{CFE22B20-4AD4-4646-8F60-73C5ECC97641}"
EndProject
Project("{9A19103F-16F7-4668-BE54-9A1E7A4F7556}") = "TemplateMethod", "TemplateMethod\TemplateMethod.csproj", "{C56DA704-140F-4607-B997-7DE1FB2837EA}"
EndProject
Project("{FAE04EC0-301F-11D3-BF4B-00C04F79EFBC}") = "Visitor", "Visitor\Visitor.csproj", "{79FB0491-5065-40F2-8CDF-DB3DB28663A0}"
EndProject
Global
	GlobalSection(SolutionConfigurationPlatforms) = preSolution
		Debug|Any CPU = Debug|Any CPU
		Release|Any CPU = Release|Any CPU
	EndGlobalSection
	GlobalSection(ProjectConfigurationPlatforms) = postSolution
		{AE252832-B9DA-47CC-A156-E347765BF8C6}.Debug|Any CPU.ActiveCfg = Debug|Any CPU
		{AE252832-B9DA-47CC-A156-E347765BF8C6}.Debug|Any CPU.Build.0 = Debug|Any CPU
		{AE252832-B9DA-47CC-A156-E347765BF8C6}.Release|Any CPU.ActiveCfg = Release|Any CPU
		{AE252832-B9DA-47CC-A156-E347765BF8C6}.Release|Any CPU.Build.0 = Release|Any CPU
		{79581335-9D5F-438B-8277-21D1AF579EF7}.Debug|Any CPU.ActiveCfg = Debug|Any CPU
		{79581335-9D5F-438B-8277-21D1AF579EF7}.Debug|Any CPU.Build.0 = Debug|Any CPU
		{79581335-9D5F-438B-8277-21D1AF579EF7}.Release|Any CPU.ActiveCfg = Release|Any CPU
		{79581335-9D5F-438B-8277-21D1AF579EF7}.Release|Any CPU.Build.0 = Release|Any CPU
		{3B752593-6754-4B79-9196-6663701344D1}.Debug|Any CPU.ActiveCfg = Debug|Any CPU
		{3B752593-6754-4B79-9196-6663701344D1}.Debug|Any CPU.Build.0 = Debug|Any CPU
		{3B752593-6754-4B79-9196-6663701344D1}.Release|Any CPU.ActiveCfg = Release|Any CPU
		{3B752593-6754-4B79-9196-6663701344D1}.Release|Any CPU.Build.0 = Release|Any CPU
		{D3762700-CFC0-487D-9CFF-9CDDFE995D71}.Debug|Any CPU.ActiveCfg = Debug|Any CPU
		{D3762700-CFC0-487D-9CFF-9CDDFE995D71}.Debug|Any CPU.Build.0 = Debug|Any CPU
		{D3762700-CFC0-487D-9CFF-9CDDFE995D71}.Release|Any CPU.ActiveCfg = Release|Any CPU
		{D3762700-CFC0-487D-9CFF-9CDDFE995D71}.Release|Any CPU.Build.0 = Release|Any CPU
		{657ABF64-9F1B-4DD9-AA97-5D1D1476A7A5}.Debug|Any CPU.ActiveCfg = Debug|Any CPU
		{657ABF64-9F1B-4DD9-AA97-5D1D1476A7A5}.Debug|Any CPU.Build.0 = Debug|Any CPU
		{657ABF64-9F1B-4DD9-AA97-5D1D1476A7A5}.Release|Any CPU.ActiveCfg = Release|Any CPU
		{657ABF64-9F1B-4DD9-AA97-5D1D1476A7A5}.Release|Any CPU.Build.0 = Release|Any CPU
		{6D63352B-974D-4F22-BF6B-946357AC2BA5}.Debug|Any CPU.ActiveCfg = Debug|Any CPU
		{6D63352B-974D-4F22-BF6B-946357AC2BA5}.Debug|Any CPU.Build.0 = Debug|Any CPU
		{6D63352B-974D-4F22-BF6B-946357AC2BA5}.Release|Any CPU.ActiveCfg = Release|Any CPU
		{6D63352B-974D-4F22-BF6B-946357AC2BA5}.Release|Any CPU.Build.0 = Release|Any CPU
		{16041833-B62E-412E-9688-AEC2FD6C196D}.Debug|Any CPU.ActiveCfg = Debug|Any CPU
		{16041833-B62E-412E-9688-AEC2FD6C196D}.Debug|Any CPU.Build.0 = Debug|Any CPU
		{16041833-B62E-412E-9688-AEC2FD6C196D}.Release|Any CPU.ActiveCfg = Release|Any CPU
		{16041833-B62E-412E-9688-AEC2FD6C196D}.Release|Any CPU.Build.0 = Release|Any CPU
		{B3622B01-D709-4F8A-9203-7CFE78F2E012}.Debug|Any CPU.ActiveCfg = Debug|Any CPU
		{B3622B01-D709-4F8A-9203-7CFE78F2E012}.Debug|Any CPU.Build.0 = Debug|Any CPU
		{B3622B01-D709-4F8A-9203-7CFE78F2E012}.Release|Any CPU.ActiveCfg = Release|Any CPU
		{B3622B01-D709-4F8A-9203-7CFE78F2E012}.Release|Any CPU.Build.0 = Release|Any CPU
		{C567DF7C-7688-449A-9F3A-AD723EAAA51D}.Debug|Any CPU.ActiveCfg = Debug|Any CPU
		{C567DF7C-7688-449A-9F3A-AD723EAAA51D}.Debug|Any CPU.Build.0 = Debug|Any CPU
		{C567DF7C-7688-449A-9F3A-AD723EAAA51D}.Release|Any CPU.ActiveCfg = Release|Any CPU
		{C567DF7C-7688-449A-9F3A-AD723EAAA51D}.Release|Any CPU.Build.0 = Release|Any CPU
		{F703C7F9-5EE8-48B8-8FB4-820AD6504FCB}.Debug|Any CPU.ActiveCfg = Debug|Any CPU
		{F703C7F9-5EE8-48B8-8FB4-820AD6504FCB}.Debug|Any CPU.Build.0 = Debug|Any CPU
		{F703C7F9-5EE8-48B8-8FB4-820AD6504FCB}.Release|Any CPU.ActiveCfg = Release|Any CPU
		{F703C7F9-5EE8-48B8-8FB4-820AD6504FCB}.Release|Any CPU.Build.0 = Release|Any CPU
		{7A5AE586-0D3D-42FC-9C86-C007EDDDB1AB}.Debug|Any CPU.ActiveCfg = Debug|Any CPU
		{7A5AE586-0D3D-42FC-9C86-C007EDDDB1AB}.Debug|Any CPU.Build.0 = Debug|Any CPU
		{7A5AE586-0D3D-42FC-9C86-C007EDDDB1AB}.Release|Any CPU.ActiveCfg = Release|Any CPU
		{7A5AE586-0D3D-42FC-9C86-C007EDDDB1AB}.Release|Any CPU.Build.0 = Release|Any CPU
		{A474C58C-4159-4A29-AB1D-A28CFAE55851}.Debug|Any CPU.ActiveCfg = Debug|Any CPU
		{A474C58C-4159-4A29-AB1D-A28CFAE55851}.Debug|Any CPU.Build.0 = Debug|Any CPU
		{A474C58C-4159-4A29-AB1D-A28CFAE55851}.Release|Any CPU.ActiveCfg = Release|Any CPU
		{A474C58C-4159-4A29-AB1D-A28CFAE55851}.Release|Any CPU.Build.0 = Release|Any CPU
		{CB94C206-4A22-4EE5-9B63-4F6E2FC2FB64}.Debug|Any CPU.ActiveCfg = Debug|Any CPU
		{CB94C206-4A22-4EE5-9B63-4F6E2FC2FB64}.Debug|Any CPU.Build.0 = Debug|Any CPU
		{CB94C206-4A22-4EE5-9B63-4F6E2FC2FB64}.Release|Any CPU.ActiveCfg = Release|Any CPU
		{CB94C206-4A22-4EE5-9B63-4F6E2FC2FB64}.Release|Any CPU.Build.0 = Release|Any CPU
		{46DA1142-CA42-4B44-8D26-3DA3459BB70B}.Debug|Any CPU.ActiveCfg = Debug|Any CPU
		{46DA1142-CA42-4B44-8D26-3DA3459BB70B}.Debug|Any CPU.Build.0 = Debug|Any CPU
		{46DA1142-CA42-4B44-8D26-3DA3459BB70B}.Release|Any CPU.ActiveCfg = Release|Any CPU
		{46DA1142-CA42-4B44-8D26-3DA3459BB70B}.Release|Any CPU.Build.0 = Release|Any CPU
		{F20185DE-B5EC-43B0-AF73-04407C3AFE24}.Debug|Any CPU.ActiveCfg = Debug|Any CPU
		{F20185DE-B5EC-43B0-AF73-04407C3AFE24}.Debug|Any CPU.Build.0 = Debug|Any CPU
		{F20185DE-B5EC-43B0-AF73-04407C3AFE24}.Release|Any CPU.ActiveCfg = Release|Any CPU
		{F20185DE-B5EC-43B0-AF73-04407C3AFE24}.Release|Any CPU.Build.0 = Release|Any CPU
		{B28DDCB8-60A1-4412-B6DA-F07B009F46F5}.Debug|Any CPU.ActiveCfg = Debug|Any CPU
		{B28DDCB8-60A1-4412-B6DA-F07B009F46F5}.Debug|Any CPU.Build.0 = Debug|Any CPU
		{B28DDCB8-60A1-4412-B6DA-F07B009F46F5}.Release|Any CPU.ActiveCfg = Release|Any CPU
		{B28DDCB8-60A1-4412-B6DA-F07B009F46F5}.Release|Any CPU.Build.0 = Release|Any CPU
		{910C1AE6-D276-418F-86D6-5585966EE705}.Debug|Any CPU.ActiveCfg = Debug|Any CPU
		{910C1AE6-D276-418F-86D6-5585966EE705}.Debug|Any CPU.Build.0 = Debug|Any CPU
		{910C1AE6-D276-418F-86D6-5585966EE705}.Release|Any CPU.ActiveCfg = Release|Any CPU
		{910C1AE6-D276-418F-86D6-5585966EE705}.Release|Any CPU.Build.0 = Release|Any CPU
		{6E92EFED-2CF9-4D88-AF72-F2A183B2250B}.Debug|Any CPU.ActiveCfg = Debug|Any CPU
		{6E92EFED-2CF9-4D88-AF72-F2A183B2250B}.Debug|Any CPU.Build.0 = Debug|Any CPU
		{6E92EFED-2CF9-4D88-AF72-F2A183B2250B}.Release|Any CPU.ActiveCfg = Release|Any CPU
		{6E92EFED-2CF9-4D88-AF72-F2A183B2250B}.Release|Any CPU.Build.0 = Release|Any CPU
		{CFE22B20-4AD4-4646-8F60-73C5ECC97641}.Debug|Any CPU.ActiveCfg = Debug|Any CPU
		{CFE22B20-4AD4-4646-8F60-73C5ECC97641}.Debug|Any CPU.Build.0 = Debug|Any CPU
		{CFE22B20-4AD4-4646-8F60-73C5ECC97641}.Release|Any CPU.ActiveCfg = Release|Any CPU
		{CFE22B20-4AD4-4646-8F60-73C5ECC97641}.Release|Any CPU.Build.0 = Release|Any CPU
		{C56DA704-140F-4607-B997-7DE1FB2837EA}.Debug|Any CPU.ActiveCfg = Debug|Any CPU
		{C56DA704-140F-4607-B997-7DE1FB2837EA}.Debug|Any CPU.Build.0 = Debug|Any CPU
		{C56DA704-140F-4607-B997-7DE1FB2837EA}.Release|Any CPU.ActiveCfg = Release|Any CPU
		{C56DA704-140F-4607-B997-7DE1FB2837EA}.Release|Any CPU.Build.0 = Release|Any CPU
		{79FB0491-5065-40F2-8CDF-DB3DB28663A0}.Debug|Any CPU.ActiveCfg = Debug|Any CPU
		{79FB0491-5065-40F2-8CDF-DB3DB28663A0}.Debug|Any CPU.Build.0 = Debug|Any CPU
		{79FB0491-5065-40F2-8CDF-DB3DB28663A0}.Release|Any CPU.ActiveCfg = Release|Any CPU
		{79FB0491-5065-40F2-8CDF-DB3DB28663A0}.Release|Any CPU.Build.0 = Release|Any CPU
	EndGlobalSection
	GlobalSection(SolutionProperties) = preSolution
		HideSolutionNode = FALSE
	EndGlobalSection
	GlobalSection(NestedProjects) = preSolution
		{79581335-9D5F-438B-8277-21D1AF579EF7} = {7985B07A-22D7-4F3D-A313-23A0F91336A0}
		{3B752593-6754-4B79-9196-6663701344D1} = {7985B07A-22D7-4F3D-A313-23A0F91336A0}
		{D3762700-CFC0-487D-9CFF-9CDDFE995D71} = {7985B07A-22D7-4F3D-A313-23A0F91336A0}
		{657ABF64-9F1B-4DD9-AA97-5D1D1476A7A5} = {7985B07A-22D7-4F3D-A313-23A0F91336A0}
		{6D63352B-974D-4F22-BF6B-946357AC2BA5} = {7985B07A-22D7-4F3D-A313-23A0F91336A0}
		{16041833-B62E-412E-9688-AEC2FD6C196D} = {7985B07A-22D7-4F3D-A313-23A0F91336A0}
		{B3622B01-D709-4F8A-9203-7CFE78F2E012} = {7985B07A-22D7-4F3D-A313-23A0F91336A0}
		{C567DF7C-7688-449A-9F3A-AD723EAAA51D} = {7985B07A-22D7-4F3D-A313-23A0F91336A0}
		{F703C7F9-5EE8-48B8-8FB4-820AD6504FCB} = {7985B07A-22D7-4F3D-A313-23A0F91336A0}
		{7A5AE586-0D3D-42FC-9C86-C007EDDDB1AB} = {7985B07A-22D7-4F3D-A313-23A0F91336A0}
		{A474C58C-4159-4A29-AB1D-A28CFAE55851} = {7985B07A-22D7-4F3D-A313-23A0F91336A0}
		{CB94C206-4A22-4EE5-9B63-4F6E2FC2FB64} = {7985B07A-22D7-4F3D-A313-23A0F91336A0}
		{46DA1142-CA42-4B44-8D26-3DA3459BB70B} = {7985B07A-22D7-4F3D-A313-23A0F91336A0}
		{F20185DE-B5EC-43B0-AF73-04407C3AFE24} = {7985B07A-22D7-4F3D-A313-23A0F91336A0}
		{B28DDCB8-60A1-4412-B6DA-F07B009F46F5} = {7985B07A-22D7-4F3D-A313-23A0F91336A0}
		{910C1AE6-D276-418F-86D6-5585966EE705} = {7985B07A-22D7-4F3D-A313-23A0F91336A0}
		{6E92EFED-2CF9-4D88-AF72-F2A183B2250B} = {7985B07A-22D7-4F3D-A313-23A0F91336A0}
		{CFE22B20-4AD4-4646-8F60-73C5ECC97641} = {7985B07A-22D7-4F3D-A313-23A0F91336A0}
		{C56DA704-140F-4607-B997-7DE1FB2837EA} = {7985B07A-22D7-4F3D-A313-23A0F91336A0}
		{79FB0491-5065-40F2-8CDF-DB3DB28663A0} = {7985B07A-22D7-4F3D-A313-23A0F91336A0}
	EndGlobalSection
	GlobalSection(ExtensibilityGlobals) = postSolution
		SolutionGuid = {AC97B62B-A79B-43A2-805A-496E672B73F0}
	EndGlobalSection
EndGlobal
